# THIS IS AN AUTOGENERATED FILE. DO NOT EDIT THIS FILE DIRECTLY.
# yarn lockfile v1


"@vscode/extension-telemetry@0.5.0":
  version "0.5.0"
  resolved "https://registry.yarnpkg.com/@vscode/extension-telemetry/-/extension-telemetry-0.5.0.tgz#8214171e550393d577fc56326fa986c6800b831b"
  integrity sha512-27FsgeVJvC4zVw7Ar3Ub+7vJswDt8RoBFpbgBwf8Xq/B2gaT8G6a+gkw3s2pQmjWGIqyu7TRA8e9rS8/vxv6NQ==

vscode-nls@^5.0.0:
  version "5.0.0"
  resolved "https://registry.yarnpkg.com/vscode-nls/-/vscode-nls-5.0.0.tgz#99f0da0bd9ea7cda44e565a74c54b1f2bc257840"
  integrity sha512-u0Lw+IYlgbEJFF6/qAqG2d1jQmJl0eyAGJHoAJqr2HT4M2BNuQYSEiSE75f52pXHSJm8AlTjnLLbBFPrdz2hpA==
