# THIS IS AN AUTOGENERATED FILE. DO NOT EDIT THIS FILE DIRECTLY.
# yarn lockfile v1


"@microsoft/applicationinsights-analytics-js@2.7.5":
  version "2.7.5"
  resolved "https://registry.yarnpkg.com/@microsoft/applicationinsights-analytics-js/-/applicationinsights-analytics-js-2.7.5.tgz#8f52e95404a9c38127f1157cda05ac702925c43a"
  integrity sha512-H2kMG7nmCwf8s7Wr6nEDutiJMU4JfdRI01N1khhPeItkn1bwvTt1hNlYT5YIvqFlBcp+/TONMu/WHo1uGjUb5A==
  dependencies:
    "@microsoft/applicationinsights-common" "2.7.5"
    "@microsoft/applicationinsights-core-js" "2.7.5"
    "@microsoft/applicationinsights-shims" "2.0.1"
    "@microsoft/dynamicproto-js" "^1.1.5"

"@microsoft/applicationinsights-channel-js@2.7.5":
  version "2.7.5"
  resolved "https://registry.yarnpkg.com/@microsoft/applicationinsights-channel-js/-/applicationinsights-channel-js-2.7.5.tgz#115c3cc32b55cef352028130bb0120bcd696fd0c"
  integrity sha512-p6ycZ6HSGLYm9gkZmkEDL6JhGRZsAjekMNU6UZPUZJ6aHwLYNHu6+WXlOAuGn3gkdyQHlkDrGvieznyHwf9hZQ==
  dependencies:
    "@microsoft/applicationinsights-common" "2.7.5"
    "@microsoft/applicationinsights-core-js" "2.7.5"
    "@microsoft/applicationinsights-shims" "2.0.1"
    "@microsoft/dynamicproto-js" "^1.1.5"

"@microsoft/applicationinsights-common@2.7.5":
  version "2.7.5"
  resolved "https://registry.yarnpkg.com/@microsoft/applicationinsights-common/-/applicationinsights-common-2.7.5.tgz#8b1c3dcd9c41ae892c0dabaf126d75ebf190bfb0"
  integrity sha512-spgMeVzveN3Q9UhpC8xXBBj3cCDRqXedsCzjYxWg0ulf7+6PcL1ZugDTlosAJ3uaGUeI7NwrX/4LkaroGfMDnA==
  dependencies:
    "@microsoft/applicationinsights-core-js" "2.7.5"
    "@microsoft/applicationinsights-shims" "2.0.1"
    "@microsoft/dynamicproto-js" "^1.1.5"

"@microsoft/applicationinsights-core-js@2.7.5":
  version "2.7.5"
  resolved "https://registry.yarnpkg.com/@microsoft/applicationinsights-core-js/-/applicationinsights-core-js-2.7.5.tgz#24f9cb61da6d49487af5bb55c862928e7010c6af"
  integrity sha512-XT7hPqBjeRtSG/jQBvJkMah82T21vAkvAWgFk4Y8eNjd8qUstsXmhScpNflhOHmwX0GcDA/d24T41utAfLQVRA==
  dependencies:
    "@microsoft/applicationinsights-shims" "2.0.1"
    "@microsoft/dynamicproto-js" "^1.1.5"

"@microsoft/applicationinsights-dependencies-js@2.7.5":
  version "2.7.5"
  resolved "https://registry.yarnpkg.com/@microsoft/applicationinsights-dependencies-js/-/applicationinsights-dependencies-js-2.7.5.tgz#61d91c4cd0d1b4068db51b376538c83a19b18fae"
  integrity sha512-xEwM+4A/gpVAjBQs2HcFYQXo5s33Lk6oS0PkSY5R+K1yjeAULNpkkxxmpv0DpYJ/Mc+RjeeGZtO8rhpBQJrWXw==
  dependencies:
    "@microsoft/applicationinsights-common" "2.7.5"
    "@microsoft/applicationinsights-core-js" "2.7.5"
    "@microsoft/applicationinsights-shims" "2.0.1"
    "@microsoft/dynamicproto-js" "^1.1.5"

"@microsoft/applicationinsights-properties-js@2.7.5":
  version "2.7.5"
  resolved "https://registry.yarnpkg.com/@microsoft/applicationinsights-properties-js/-/applicationinsights-properties-js-2.7.5.tgz#b53f79b312692018e50dc8004bb677c6ec4404db"
  integrity sha512-PCTFl63A06LZbieiso0aIeMv0U+v7mYXqg3SfM0gzngKLTvwGgEz/nPuyQGrQmPOG4WS48em7/B3obGUGQo8PA==
  dependencies:
    "@microsoft/applicationinsights-common" "2.7.5"
    "@microsoft/applicationinsights-core-js" "2.7.5"
    "@microsoft/applicationinsights-shims" "2.0.1"
    "@microsoft/dynamicproto-js" "^1.1.5"

"@microsoft/applicationinsights-shims@2.0.1":
  version "2.0.1"
  resolved "https://registry.yarnpkg.com/@microsoft/applicationinsights-shims/-/applicationinsights-shims-2.0.1.tgz#5d72fb7aaf4056c4fda54f9d7c93ccf8ca9bcbfd"
  integrity sha512-G0MXf6R6HndRbDy9BbEj0zrLeuhwt2nsXk2zKtF0TnYo39KgYqhYC2ayIzKPTm2KAE+xzD7rgyLdZnrcRvt9WQ==

"@microsoft/applicationinsights-web@^2.7.4":
  version "2.7.5"
  resolved "https://registry.yarnpkg.com/@microsoft/applicationinsights-web/-/applicationinsights-web-2.7.5.tgz#86e48cef6e4a4ab356ae7bb1d4fbe6da777ed359"
  integrity sha512-czs2SO9A7tnvCWICi0w9AT307IRDJW/cZ4/UKMU7khqvT7x0BYsB48bTKimcQ8jZzXag1GLu2cHVdw8j3h8dVQ==
  dependencies:
    "@microsoft/applicationinsights-analytics-js" "2.7.5"
    "@microsoft/applicationinsights-channel-js" "2.7.5"
    "@microsoft/applicationinsights-common" "2.7.5"
    "@microsoft/applicationinsights-core-js" "2.7.5"
    "@microsoft/applicationinsights-dependencies-js" "2.7.5"
    "@microsoft/applicationinsights-properties-js" "2.7.5"
    "@microsoft/applicationinsights-shims" "2.0.1"
    "@microsoft/dynamicproto-js" "^1.1.5"

"@microsoft/dynamicproto-js@^1.1.5":
  version "1.1.5"
  resolved "https://registry.yarnpkg.com/@microsoft/dynamicproto-js/-/dynamicproto-js-1.1.5.tgz#e70ebe73a0afbeffbabdc741fd938798de749bfe"
  integrity sha512-5pu5Ya03ivhT9M8PS62tUMwhBFhaUq86oyQHQICtSm8vsWpsg4vHS8auFG7BpntoLiDKYCtGhO8rRATpVr3zrA==

"@vscode/iconv-lite-umd@0.7.0":
  version "0.7.0"
  resolved "https://registry.yarnpkg.com/@vscode/iconv-lite-umd/-/iconv-lite-umd-0.7.0.tgz#d2f1e0664ee6036408f9743fee264ea0699b0e48"
  integrity sha512-bRRFxLfg5dtAyl5XyiVWz/ZBPahpOpPrNYnnHpOpUZvam4tKH35wdhP4Kj6PbM0+KdliOsPzbGWpkxcdpNB/sg==

"@vscode/vscode-languagedetection@1.0.21":
  version "1.0.21"
  resolved "https://registry.yarnpkg.com/@vscode/vscode-languagedetection/-/vscode-languagedetection-1.0.21.tgz#89b48f293f6aa3341bb888c1118d16ff13b032d3"
  integrity sha512-zSUH9HYCw5qsCtd7b31yqkpaCU6jhtkKLkvOOA8yTrIRfBSOFb8PPhgmMicD7B/m+t4PwOJXzU1XDtrM9Fd3/g==

jschardet@3.0.0:
  version "3.0.0"
  resolved "https://registry.yarnpkg.com/jschardet/-/jschardet-3.0.0.tgz#898d2332e45ebabbdb6bf2feece9feea9a99e882"
  integrity sha512-lJH6tJ77V8Nzd5QWRkFYCLc13a3vADkh3r/Fi8HupZGWk2OVVDfnZP8V/VgQgZ+lzW0kG2UGb5hFgt3V3ndotQ==

tas-client-umd@0.1.4:
  version "0.1.4"
  resolved "https://registry.yarnpkg.com/tas-client-umd/-/tas-client-umd-0.1.4.tgz#49db4130dd63a8342fabf77185a740fc6a7bea80"
  integrity sha512-1hFqJeLD3ryNikniIaO7TItlXhS5vx7bJ+wbPDf8o+IifgwwOWK2ARisdEM9SnJd0ccfcwNPG6Po+RiKn5L2hg==

vscode-oniguruma@1.6.1:
  version "1.6.1"
  resolved "https://registry.yarnpkg.com/vscode-oniguruma/-/vscode-oniguruma-1.6.1.tgz#2bf4dfcfe3dd2e56eb549a3068c8ee39e6c30ce5"
  integrity sha512-vc4WhSIaVpgJ0jJIejjYxPvURJavX6QG41vu0mGhqywMkQqulezEqEQ3cO3gc8GvcOpX6ycmKGqRoROEMBNXTQ==

vscode-textmate@6.0.0:
  version "6.0.0"
  resolved "https://registry.yarnpkg.com/vscode-textmate/-/vscode-textmate-6.0.0.tgz#a3777197235036814ac9a92451492f2748589210"
  integrity sha512-gu73tuZfJgu+mvCSy4UZwd2JXykjK9zAZsfmDeut5dx/1a7FeTk0XwJsSuqQn+cuMCGVbIBfl+s53X4T19DnzQ==

xterm-addon-search@0.9.0-beta.11:
  version "0.9.0-beta.11"
  resolved "https://registry.yarnpkg.com/xterm-addon-search/-/xterm-addon-search-0.9.0-beta.11.tgz#e6af723903e470564682eb80e5f0ca7e5d291c60"
  integrity sha512-sUaOrgqFJvN7oI20ruKVOEqN5t4UK9q/pAR7FSjH5vVl6h0Hhtndh9bhrgoKCSe+Do1YfZCcpWx0Sbs9Y+2Ptg==

xterm-addon-unicode11@0.4.0-beta.3:
  version "0.4.0-beta.3"
  resolved "https://registry.yarnpkg.com/xterm-addon-unicode11/-/xterm-addon-unicode11-0.4.0-beta.3.tgz#f350184155fafd5ad0d6fbf31d13e6ca7dea1efa"
  integrity sha512-FryZAVwbUjKTmwXnm1trch/2XO60F5JsDvOkZhzobV1hm10sFLVuZpFyHXiUx7TFeeFsvNP+S77LAtWoeT5z+Q==

xterm-addon-webgl@0.12.0-beta.24:
  version "0.12.0-beta.24"
  resolved "https://registry.yarnpkg.com/xterm-addon-webgl/-/xterm-addon-webgl-0.12.0-beta.24.tgz#5c17256933991856554c95c9bd1eaab42e9727a0"
  integrity sha512-+wZxKReEOlfN9JRHyikoffA6Do61/THR7QY35ajkQo0lLutKr6hTd/TLTuZh0PhFVelgTgudpXqlP++Lc0WFIA==

xterm@4.19.0-beta.3:
  version "4.19.0-beta.3"
  resolved "https://registry.yarnpkg.com/xterm/-/xterm-4.19.0-beta.3.tgz#314d21953e539bb217d3880e649dd6da3f01a1c5"
  integrity sha512-EZEWjYnkm2D93JzWWoW2d7HDOAgYFUjKg/6GBzfa0fGza+gP0Cv6AdmgLvw233zx1IwzN9FApcYfauvLs/q+YQ==
